
Microsoft Visual Studio Solution File, Format Version 12.00
# Visual Studio 14
VisualStudioVersion = 14.0.24720.0
MinimumVisualStudioVersion = 10.0.40219.1
Project("{FAE04EC0-301F-11D3-BF4B-00C04F79EFBC}") = "LearnEnglishBySubtitle", "LearnEnglishBySubtitle\LearnEnglishBySubtitle.csproj", "{FCD72E58-D994-456B-9054-EC6CDB40C504}"
EndProject
Project("{FAE04EC0-301F-11D3-BF4B-00C04F79EFBC}") = "LearnEnglishBySubtitle.UnitTest", "LearnEnglishBySubtitle.UnitTest\LearnEnglishBySubtitle.UnitTest.csproj", "{FE1C2408-6508-4904-A67E-96CFD5CF6822}"
EndProject
Project("{2150E333-8FDC-42A3-9474-1A3956D46DE8}") = "UT", "UT", "{89A3DCBB-B9F9-4548-B2B2-B6DFB8A37D05}"
EndProject
Project("{2150E333-8FDC-42A3-9474-1A3956D46DE8}") = ".nuget", ".nuget", "{90A9B738-4D3C-44D4-95BC-5D29DAD92AD0}"
	ProjectSection(SolutionItems) = preProject
		.nuget\NuGet.Config = .nuget\NuGet.Config
		.nuget\NuGet.exe = .nuget\NuGet.exe
		.nuget\NuGet.targets = .nuget\NuGet.targets
	EndProjectSection
EndProject
Global
	GlobalSection(SolutionConfigurationPlatforms) = preSolution
		Debug|Any CPU = Debug|Any CPU
		Debug|Mixed Platforms = Debug|Mixed Platforms
		Debug|x86 = Debug|x86
		Release|Any CPU = Release|Any CPU
		Release|Mixed Platforms = Release|Mixed Platforms
		Release|x86 = Release|x86
	EndGlobalSection
	GlobalSection(ProjectConfigurationPlatforms) = postSolution
		{FCD72E58-D994-456B-9054-EC6CDB40C504}.Debug|Any CPU.ActiveCfg = Debug|x86
		{FCD72E58-D994-456B-9054-EC6CDB40C504}.Debug|Mixed Platforms.ActiveCfg = Debug|x86
		{FCD72E58-D994-456B-9054-EC6CDB40C504}.Debug|Mixed Platforms.Build.0 = Debug|x86
		{FCD72E58-D994-456B-9054-EC6CDB40C504}.Debug|x86.ActiveCfg = Debug|x86
		{FCD72E58-D994-456B-9054-EC6CDB40C504}.Debug|x86.Build.0 = Debug|x86
		{FCD72E58-D994-456B-9054-EC6CDB40C504}.Release|Any CPU.ActiveCfg = Release|x86
		{FCD72E58-D994-456B-9054-EC6CDB40C504}.Release|Mixed Platforms.ActiveCfg = Release|x86
		{FCD72E58-D994-456B-9054-EC6CDB40C504}.Release|Mixed Platforms.Build.0 = Release|x86
		{FCD72E58-D994-456B-9054-EC6CDB40C504}.Release|x86.ActiveCfg = Release|x86
		{FCD72E58-D994-456B-9054-EC6CDB40C504}.Release|x86.Build.0 = Release|x86
		{FE1C2408-6508-4904-A67E-96CFD5CF6822}.Debug|Any CPU.ActiveCfg = Debug|Any CPU
		{FE1C2408-6508-4904-A67E-96CFD5CF6822}.Debug|Any CPU.Build.0 = Debug|Any CPU
		{FE1C2408-6508-4904-A67E-96CFD5CF6822}.Debug|Mixed Platforms.ActiveCfg = Debug|Any CPU
		{FE1C2408-6508-4904-A67E-96CFD5CF6822}.Debug|Mixed Platforms.Build.0 = Debug|Any CPU
		{FE1C2408-6508-4904-A67E-96CFD5CF6822}.Debug|x86.ActiveCfg = Debug|Any CPU
		{FE1C2408-6508-4904-A67E-96CFD5CF6822}.Release|Any CPU.ActiveCfg = Release|Any CPU
		{FE1C2408-6508-4904-A67E-96CFD5CF6822}.Release|Any CPU.Build.0 = Release|Any CPU
		{FE1C2408-6508-4904-A67E-96CFD5CF6822}.Release|Mixed Platforms.ActiveCfg = Release|Any CPU
		{FE1C2408-6508-4904-A67E-96CFD5CF6822}.Release|Mixed Platforms.Build.0 = Release|Any CPU
		{FE1C2408-6508-4904-A67E-96CFD5CF6822}.Release|x86.ActiveCfg = Release|Any CPU
	EndGlobalSection
	GlobalSection(SolutionProperties) = preSolution
		HideSolutionNode = FALSE
	EndGlobalSection
	GlobalSection(NestedProjects) = preSolution
		{FE1C2408-6508-4904-A67E-96CFD5CF6822} = {89A3DCBB-B9F9-4548-B2B2-B6DFB8A37D05}
	EndGlobalSection
EndGlobal
